
Microsoft Visual Studio Solution File, Format Version 12.00
# Visual Studio Version 17
VisualStudioVersion = 17.13.35818.85 d17.13
MinimumVisualStudioVersion = 10.0.40219.1
Project("{FAE04EC0-301F-11D3-BF4B-00C04F79EFBC}") = "To-do", "To-do.csproj", "{D9F3FB26-33BB-479E-860E-08ABDA561A2C}"
EndProject
Global
	GlobalSection(SolutionConfigurationPlatforms) = preSolution
		Debug|Any CPU = Debug|Any CPU
		Release|Any CPU = Release|Any CPU
	EndGlobalSection
	GlobalSection(ProjectConfigurationPlatforms) = postSolution
		{D9F3FB26-33BB-479E-860E-08ABDA561A2C}.Debug|Any CPU.ActiveCfg = Debug|Any CPU
		{D9F3FB26-33BB-479E-860E-08ABDA561A2C}.Debug|Any CPU.Build.0 = Debug|Any CPU
		{D9F3FB26-33BB-479E-860E-08ABDA561A2C}.Release|Any CPU.ActiveCfg = Release|Any CPU
		{D9F3FB26-33BB-479E-860E-08ABDA561A2C}.Release|Any CPU.Build.0 = Release|Any CPU
	EndGlobalSection
	GlobalSection(SolutionProperties) = preSolution
		HideSolutionNode = FALSE
	EndGlobalSection
	GlobalSection(ExtensibilityGlobals) = postSolution
		SolutionGuid = {022E6123-8588-43C1-BB65-8963E7041284}
	EndGlobalSection
EndGlobal
